
Microsoft Visual Studio Solution File, Format Version 12.00
# Visual Studio 2012
Project("{FAE04EC0-301F-11D3-BF4B-00C04F79EFBC}") = "Jurisdiction.UI", "Jurisdiction.UI\Jurisdiction.UI.csproj", "{DBDBAB04-7C6B-45D2-B782-3C0030FCB5DB}"
EndProject
Project("{2150E333-8FDC-42A3-9474-1A3956D46DE8}") = "01UI", "01UI", "{5FD2F91B-7767-461E-A303-CCC985E34C0E}"
EndProject
Project("{2150E333-8FDC-42A3-9474-1A3956D46DE8}") = "03BLL", "03BLL", "{B45A8327-61A1-4A6B-881F-47F29CB65237}"
EndProject
Project("{2150E333-8FDC-42A3-9474-1A3956D46DE8}") = "02IBLL", "02IBLL", "{87A091A0-03AC-40C9-A962-79C0C41A753B}"
EndProject
Project("{2150E333-8FDC-42A3-9474-1A3956D46DE8}") = "04IDAL", "04IDAL", "{6EEE2FDA-1E74-4429-8A68-C665FA6DE2A3}"
EndProject
Project("{2150E333-8FDC-42A3-9474-1A3956D46DE8}") = "05DAL", "05DAL", "{23890893-8003-40C0-95E4-33A529F88B3E}"
EndProject
Project("{2150E333-8FDC-42A3-9474-1A3956D46DE8}") = "Entity", "Entity", "{F148A132-C355-4157-8DED-044158B09912}"
EndProject
Project("{FAE04EC0-301F-11D3-BF4B-00C04F79EFBC}") = "Jurisdiction.BLL", "Jurisdiction.BLL\Jurisdiction.BLL.csproj", "{D5D4089E-B188-41D1-BD14-E57C8E6D3E8F}"
EndProject
Project("{FAE04EC0-301F-11D3-BF4B-00C04F79EFBC}") = "Jurisdiction.DAL", "Jurisdiction.DAL\Jurisdiction.DAL.csproj", "{3EF15142-2492-4DB1-A049-AFC253C8AE13}"
EndProject
Project("{FAE04EC0-301F-11D3-BF4B-00C04F79EFBC}") = "Jurisdiction.IBLL", "Jurisdiction.IBLL\Jurisdiction.IBLL.csproj", "{44F402EE-F6CE-4260-AA93-D258CA51E8E1}"
EndProject
Project("{FAE04EC0-301F-11D3-BF4B-00C04F79EFBC}") = "Jurisdiction.IDAL", "Jurisdiction.IDAL\Jurisdiction.IDAL.csproj", "{97763D4A-2250-4733-B87D-13B795932B1A}"
EndProject
Project("{FAE04EC0-301F-11D3-BF4B-00C04F79EFBC}") = "Jurisdiction.Entity", "Jurisdiction.Entity\Jurisdiction.Entity.csproj", "{11CF2E28-AFA6-46C5-B4AB-B842768B38E3}"
EndProject
Global
	GlobalSection(SolutionConfigurationPlatforms) = preSolution
		Debug|Any CPU = Debug|Any CPU
		Release|Any CPU = Release|Any CPU
	EndGlobalSection
	GlobalSection(ProjectConfigurationPlatforms) = postSolution
		{DBDBAB04-7C6B-45D2-B782-3C0030FCB5DB}.Debug|Any CPU.ActiveCfg = Debug|Any CPU
		{DBDBAB04-7C6B-45D2-B782-3C0030FCB5DB}.Debug|Any CPU.Build.0 = Debug|Any CPU
		{DBDBAB04-7C6B-45D2-B782-3C0030FCB5DB}.Release|Any CPU.ActiveCfg = Release|Any CPU
		{DBDBAB04-7C6B-45D2-B782-3C0030FCB5DB}.Release|Any CPU.Build.0 = Release|Any CPU
		{D5D4089E-B188-41D1-BD14-E57C8E6D3E8F}.Debug|Any CPU.ActiveCfg = Debug|Any CPU
		{D5D4089E-B188-41D1-BD14-E57C8E6D3E8F}.Debug|Any CPU.Build.0 = Debug|Any CPU
		{D5D4089E-B188-41D1-BD14-E57C8E6D3E8F}.Release|Any CPU.ActiveCfg = Release|Any CPU
		{D5D4089E-B188-41D1-BD14-E57C8E6D3E8F}.Release|Any CPU.Build.0 = Release|Any CPU
		{3EF15142-2492-4DB1-A049-AFC253C8AE13}.Debug|Any CPU.ActiveCfg = Debug|Any CPU
		{3EF15142-2492-4DB1-A049-AFC253C8AE13}.Debug|Any CPU.Build.0 = Debug|Any CPU
		{3EF15142-2492-4DB1-A049-AFC253C8AE13}.Release|Any CPU.ActiveCfg = Release|Any CPU
		{3EF15142-2492-4DB1-A049-AFC253C8AE13}.Release|Any CPU.Build.0 = Release|Any CPU
		{44F402EE-F6CE-4260-AA93-D258CA51E8E1}.Debug|Any CPU.ActiveCfg = Debug|Any CPU
		{44F402EE-F6CE-4260-AA93-D258CA51E8E1}.Debug|Any CPU.Build.0 = Debug|Any CPU
		{44F402EE-F6CE-4260-AA93-D258CA51E8E1}.Release|Any CPU.ActiveCfg = Release|Any CPU
		{44F402EE-F6CE-4260-AA93-D258CA51E8E1}.Release|Any CPU.Build.0 = Release|Any CPU
		{97763D4A-2250-4733-B87D-13B795932B1A}.Debug|Any CPU.ActiveCfg = Debug|Any CPU
		{97763D4A-2250-4733-B87D-13B795932B1A}.Debug|Any CPU.Build.0 = Debug|Any CPU
		{97763D4A-2250-4733-B87D-13B795932B1A}.Release|Any CPU.ActiveCfg = Release|Any CPU
		{97763D4A-2250-4733-B87D-13B795932B1A}.Release|Any CPU.Build.0 = Release|Any CPU
		{11CF2E28-AFA6-46C5-B4AB-B842768B38E3}.Debug|Any CPU.ActiveCfg = Debug|Any CPU
		{11CF2E28-AFA6-46C5-B4AB-B842768B38E3}.Debug|Any CPU.Build.0 = Debug|Any CPU
		{11CF2E28-AFA6-46C5-B4AB-B842768B38E3}.Release|Any CPU.ActiveCfg = Release|Any CPU
		{11CF2E28-AFA6-46C5-B4AB-B842768B38E3}.Release|Any CPU.Build.0 = Release|Any CPU
	EndGlobalSection
	GlobalSection(SolutionProperties) = preSolution
		HideSolutionNode = FALSE
	EndGlobalSection
	GlobalSection(NestedProjects) = preSolution
		{DBDBAB04-7C6B-45D2-B782-3C0030FCB5DB} = {5FD2F91B-7767-461E-A303-CCC985E34C0E}
		{D5D4089E-B188-41D1-BD14-E57C8E6D3E8F} = {B45A8327-61A1-4A6B-881F-47F29CB65237}
		{44F402EE-F6CE-4260-AA93-D258CA51E8E1} = {87A091A0-03AC-40C9-A962-79C0C41A753B}
		{97763D4A-2250-4733-B87D-13B795932B1A} = {6EEE2FDA-1E74-4429-8A68-C665FA6DE2A3}
		{3EF15142-2492-4DB1-A049-AFC253C8AE13} = {23890893-8003-40C0-95E4-33A529F88B3E}
		{11CF2E28-AFA6-46C5-B4AB-B842768B38E3} = {F148A132-C355-4157-8DED-044158B09912}
	EndGlobalSection
EndGlobal
